
Microsoft Visual Studio Solution File, Format Version 12.00
# Visual Studio 15
VisualStudioVersion = 15.0.28010.2026
MinimumVisualStudioVersion = 10.0.40219.1
Project("{FAE04EC0-301F-11D3-BF4B-00C04F79EFBC}") = "RomanNumeralParser", "RomanNumeralParser\RomanNumeralParser.csproj", "{01CB404C-3AD2-4A32-A6CF-089F9C482B53}"
EndProject
Project("{FAE04EC0-301F-11D3-BF4B-00C04F79EFBC}") = "RomanNumeralParserTests", "RomanNumeralParserTests\RomanNumeralParserTests.csproj", "{576F6725-E7B3-487B-B7E7-EA3D0D5CCFC8}"
EndProject
Global
	GlobalSection(SolutionConfigurationPlatforms) = preSolution
		Debug|Any CPU = Debug|Any CPU
		Release|Any CPU = Release|Any CPU
	EndGlobalSection
	GlobalSection(ProjectConfigurationPlatforms) = postSolution
		{01CB404C-3AD2-4A32-A6CF-089F9C482B53}.Debug|Any CPU.ActiveCfg = Debug|Any CPU
		{01CB404C-3AD2-4A32-A6CF-089F9C482B53}.Debug|Any CPU.Build.0 = Debug|Any CPU
		{01CB404C-3AD2-4A32-A6CF-089F9C482B53}.Release|Any CPU.ActiveCfg = Release|Any CPU
		{01CB404C-3AD2-4A32-A6CF-089F9C482B53}.Release|Any CPU.Build.0 = Release|Any CPU
		{576F6725-E7B3-487B-B7E7-EA3D0D5CCFC8}.Debug|Any CPU.ActiveCfg = Debug|Any CPU
		{576F6725-E7B3-487B-B7E7-EA3D0D5CCFC8}.Debug|Any CPU.Build.0 = Debug|Any CPU
		{576F6725-E7B3-487B-B7E7-EA3D0D5CCFC8}.Release|Any CPU.ActiveCfg = Release|Any CPU
		{576F6725-E7B3-487B-B7E7-EA3D0D5CCFC8}.Release|Any CPU.Build.0 = Release|Any CPU
	EndGlobalSection
	GlobalSection(SolutionProperties) = preSolution
		HideSolutionNode = FALSE
	EndGlobalSection
	GlobalSection(ExtensibilityGlobals) = postSolution
		SolutionGuid = {D3B4AB09-D52D-4F7A-931E-C8C4299AC2CB}
	EndGlobalSection
EndGlobal
